
Microsoft Visual Studio Solution File, Format Version 12.00
# Visual Studio Version 17
VisualStudioVersion = 17.13.35913.81 d17.13
MinimumVisualStudioVersion = 10.0.40219.1
Project("{FAE04EC0-301F-11D3-BF4B-00C04F79EFBC}") = "Generate Azure Stencils from SVG Icons", "Generate Azure Stencils from SVG Icons.csproj", "{AFA693A0-16C9-498E-88CA-5180BB74015D}"
EndProject
Global
	GlobalSection(SolutionConfigurationPlatforms) = preSolution
		Debug|Any CPU = Debug|Any CPU
		Release|Any CPU = Release|Any CPU
	EndGlobalSection
	GlobalSection(ProjectConfigurationPlatforms) = postSolution
		{AFA693A0-16C9-498E-88CA-5180BB74015D}.Debug|Any CPU.ActiveCfg = Debug|Any CPU
		{AFA693A0-16C9-498E-88CA-5180BB74015D}.Debug|Any CPU.Build.0 = Debug|Any CPU
		{AFA693A0-16C9-498E-88CA-5180BB74015D}.Release|Any CPU.ActiveCfg = Release|Any CPU
		{AFA693A0-16C9-498E-88CA-5180BB74015D}.Release|Any CPU.Build.0 = Release|Any CPU
	EndGlobalSection
	GlobalSection(SolutionProperties) = preSolution
		HideSolutionNode = FALSE
	EndGlobalSection
	GlobalSection(ExtensibilityGlobals) = postSolution
		SolutionGuid = {BD447A2C-7DC6-41B3-84A5-D14616046885}
	EndGlobalSection
EndGlobal
